
Microsoft Visual Studio Solution File, Format Version 12.00
# Visual Studio 15
VisualStudioVersion = 15.0.28010.2003
MinimumVisualStudioVersion = 10.0.40219.1
Project("{888888A0-9F3D-457C-B088-3A5042F75D52}") = "source", "source\source.pyproj", "{84AAD263-809E-4FB6-BD3D-3F454DE0F19F}"
EndProject
Global
	GlobalSection(SolutionConfigurationPlatforms) = preSolution
		Debug|Any CPU = Debug|Any CPU
		Release|Any CPU = Release|Any CPU
	EndGlobalSection
	GlobalSection(ProjectConfigurationPlatforms) = postSolution
		{84AAD263-809E-4FB6-BD3D-3F454DE0F19F}.Debug|Any CPU.ActiveCfg = Debug|Any CPU
		{84AAD263-809E-4FB6-BD3D-3F454DE0F19F}.Release|Any CPU.ActiveCfg = Release|Any CPU
	EndGlobalSection
	GlobalSection(SolutionProperties) = preSolution
		HideSolutionNode = FALSE
	EndGlobalSection
	GlobalSection(ExtensibilityGlobals) = postSolution
		SolutionGuid = {B3912DE6-BE2E-426A-BD8E-5A1A30C8122A}
	EndGlobalSection
EndGlobal
